<?xml version="1.0" encoding="UTF-8" standalone="yes" ?>
<CodeBlocks_project_file>
	<FileVersion major="1" minor="6" />
	<Project>
		<Option title="coding_modules" />
		<Option pch_mode="2" />
		<Option compiler="gcc" />
		<Build>
			<Target title="Debug">
				<Option output="bin/Debug/coding_modules" prefix_auto="1" extension_auto="1" />
				<Option object_output="obj/Debug/" />
				<Option type="1" />
				<Option compiler="gcc" />
				<Compiler>
					<Add option="-g" />
					<Add directory="../raylib_x86-windows/include" />
				</Compiler>
				<Linker>
					<Add library="../raylib_x86-windows/lib/raylib.lib" />
					<Add directory="../raylib_x86-windows/bin" />
				</Linker>
			</Target>
			<Target title="Release">
				<Option output="bin/Release/coding_modules" prefix_auto="1" extension_auto="1" />
				<Option object_output="obj/Release/" />
				<Option type="1" />
				<Option compiler="gcc" />
				<Compiler>
					<Add option="-O2" />
				</Compiler>
				<Linker>
					<Add option="-s" />
				</Linker>
			</Target>
		</Build>
		<Compiler>
			<Add option="-Wall" />
		</Compiler>
		<Unit filename="../raylib_x86-windows/include/raudio.h" />
		<Unit filename="../raylib_x86-windows/include/raylib.h" />
		<Unit filename="../raylib_x86-windows/include/raymath.h" />
		<Unit filename="../raylib_x86-windows/include/rlgl.h" />
		<Unit filename="main.c">
			<Option compilerVar="CC" />
		</Unit>
		<Extensions>
			<code_completion />
			<envvars />
			<debugger />
			<lib_finder disable_auto="1" />
		</Extensions>
	</Project>
</CodeBlocks_project_file>
